
Microsoft Visual Studio Solution File, Format Version 12.00
# Visual Studio Version 17
VisualStudioVersion = 17.4.33213.308
MinimumVisualStudioVersion = 10.0.40219.1
Project("{9A19103F-16F7-4668-BE54-9A1E7A4F7556}") = "NodeClass", "NodeClass\NodeClass.csproj", "{C2DFE75A-C1EC-4A4B-B8B8-28F88805A5C0}"
EndProject
Project("{9A19103F-16F7-4668-BE54-9A1E7A4F7556}") = "LinkedListClass", "LinkedListClass\LinkedListClass.csproj", "{7E7ABB06-B5B5-43D6-8A81-55C2B3F2FB17}"
EndProject
Project("{9A19103F-16F7-4668-BE54-9A1E7A4F7556}") = "DSLinkedListTests", "DSLinkedListTests\DSLinkedListTests.csproj", "{5D9EB85C-4EC2-4B1B-B027-2B88CB1A5AA0}"
EndProject
Project("{9A19103F-16F7-4668-BE54-9A1E7A4F7556}") = "ConsoleApp1", "ConsoleApp1\ConsoleApp1.csproj", "{788861AB-6726-483B-BD76-4407DD351E18}"
EndProject
Global
	GlobalSection(SolutionConfigurationPlatforms) = preSolution
		Debug|Any CPU = Debug|Any CPU
		Release|Any CPU = Release|Any CPU
	EndGlobalSection
	GlobalSection(ProjectConfigurationPlatforms) = postSolution
		{C2DFE75A-C1EC-4A4B-B8B8-28F88805A5C0}.Debug|Any CPU.ActiveCfg = Debug|Any CPU
		{C2DFE75A-C1EC-4A4B-B8B8-28F88805A5C0}.Debug|Any CPU.Build.0 = Debug|Any CPU
		{C2DFE75A-C1EC-4A4B-B8B8-28F88805A5C0}.Release|Any CPU.ActiveCfg = Release|Any CPU
		{C2DFE75A-C1EC-4A4B-B8B8-28F88805A5C0}.Release|Any CPU.Build.0 = Release|Any CPU
		{7E7ABB06-B5B5-43D6-8A81-55C2B3F2FB17}.Debug|Any CPU.ActiveCfg = Debug|Any CPU
		{7E7ABB06-B5B5-43D6-8A81-55C2B3F2FB17}.Debug|Any CPU.Build.0 = Debug|Any CPU
		{7E7ABB06-B5B5-43D6-8A81-55C2B3F2FB17}.Release|Any CPU.ActiveCfg = Release|Any CPU
		{7E7ABB06-B5B5-43D6-8A81-55C2B3F2FB17}.Release|Any CPU.Build.0 = Release|Any CPU
		{5D9EB85C-4EC2-4B1B-B027-2B88CB1A5AA0}.Debug|Any CPU.ActiveCfg = Debug|Any CPU
		{5D9EB85C-4EC2-4B1B-B027-2B88CB1A5AA0}.Debug|Any CPU.Build.0 = Debug|Any CPU
		{5D9EB85C-4EC2-4B1B-B027-2B88CB1A5AA0}.Release|Any CPU.ActiveCfg = Release|Any CPU
		{5D9EB85C-4EC2-4B1B-B027-2B88CB1A5AA0}.Release|Any CPU.Build.0 = Release|Any CPU
		{788861AB-6726-483B-BD76-4407DD351E18}.Debug|Any CPU.ActiveCfg = Debug|Any CPU
		{788861AB-6726-483B-BD76-4407DD351E18}.Debug|Any CPU.Build.0 = Debug|Any CPU
		{788861AB-6726-483B-BD76-4407DD351E18}.Release|Any CPU.ActiveCfg = Release|Any CPU
		{788861AB-6726-483B-BD76-4407DD351E18}.Release|Any CPU.Build.0 = Release|Any CPU
	EndGlobalSection
	GlobalSection(SolutionProperties) = preSolution
		HideSolutionNode = FALSE
	EndGlobalSection
	GlobalSection(ExtensibilityGlobals) = postSolution
		SolutionGuid = {FE59FA13-56A8-4F0E-97FB-482E054D4FF9}
	EndGlobalSection
EndGlobal
